
Microsoft Visual Studio Solution File, Format Version 12.00
# Visual Studio Version 17
VisualStudioVersion = 17.4.33205.214
MinimumVisualStudioVersion = 10.0.40219.1
Project("{FAE04EC0-301F-11D3-BF4B-00C04F79EFBC}") = "A_MELHOR_TRUFA", "A_MELHOR_TRUFA\A_MELHOR_TRUFA.csproj", "{34586EC4-A1AD-458B-A4FB-F9359ADAAF15}"
EndProject
Project("{FAE04EC0-301F-11D3-BF4B-00C04F79EFBC}") = "A_MELHOR_TRUFA.Service", "A_MELHOR_TRUFA.Service\A_MELHOR_TRUFA.Service.csproj", "{A8268E5D-6A7F-444F-A4A1-2E42109224E2}"
EndProject
Project("{FAE04EC0-301F-11D3-BF4B-00C04F79EFBC}") = "A_MELHOR_TRUFA.Domain", "A_MELHOR_TRUFA.Domain\A_MELHOR_TRUFA.Domain.csproj", "{FBF7081D-9024-42B6-990A-56D5DEA3E9BF}"
EndProject
Project("{FAE04EC0-301F-11D3-BF4B-00C04F79EFBC}") = "A_MELHOR_TRUFA.Data", "A_MELHOR_TRUFA.Data\A_MELHOR_TRUFA.Data.csproj", "{D03574F5-72D9-4B3C-BDC7-9AB9DC57ACE5}"
EndProject
Global
	GlobalSection(SolutionConfigurationPlatforms) = preSolution
		Debug|Any CPU = Debug|Any CPU
		Release|Any CPU = Release|Any CPU
	EndGlobalSection
	GlobalSection(ProjectConfigurationPlatforms) = postSolution
		{34586EC4-A1AD-458B-A4FB-F9359ADAAF15}.Debug|Any CPU.ActiveCfg = Debug|Any CPU
		{34586EC4-A1AD-458B-A4FB-F9359ADAAF15}.Debug|Any CPU.Build.0 = Debug|Any CPU
		{34586EC4-A1AD-458B-A4FB-F9359ADAAF15}.Release|Any CPU.ActiveCfg = Release|Any CPU
		{34586EC4-A1AD-458B-A4FB-F9359ADAAF15}.Release|Any CPU.Build.0 = Release|Any CPU
		{A8268E5D-6A7F-444F-A4A1-2E42109224E2}.Debug|Any CPU.ActiveCfg = Debug|Any CPU
		{A8268E5D-6A7F-444F-A4A1-2E42109224E2}.Debug|Any CPU.Build.0 = Debug|Any CPU
		{A8268E5D-6A7F-444F-A4A1-2E42109224E2}.Release|Any CPU.ActiveCfg = Release|Any CPU
		{A8268E5D-6A7F-444F-A4A1-2E42109224E2}.Release|Any CPU.Build.0 = Release|Any CPU
		{FBF7081D-9024-42B6-990A-56D5DEA3E9BF}.Debug|Any CPU.ActiveCfg = Debug|Any CPU
		{FBF7081D-9024-42B6-990A-56D5DEA3E9BF}.Debug|Any CPU.Build.0 = Debug|Any CPU
		{FBF7081D-9024-42B6-990A-56D5DEA3E9BF}.Release|Any CPU.ActiveCfg = Release|Any CPU
		{FBF7081D-9024-42B6-990A-56D5DEA3E9BF}.Release|Any CPU.Build.0 = Release|Any CPU
		{D03574F5-72D9-4B3C-BDC7-9AB9DC57ACE5}.Debug|Any CPU.ActiveCfg = Debug|Any CPU
		{D03574F5-72D9-4B3C-BDC7-9AB9DC57ACE5}.Debug|Any CPU.Build.0 = Debug|Any CPU
		{D03574F5-72D9-4B3C-BDC7-9AB9DC57ACE5}.Release|Any CPU.ActiveCfg = Release|Any CPU
		{D03574F5-72D9-4B3C-BDC7-9AB9DC57ACE5}.Release|Any CPU.Build.0 = Release|Any CPU
	EndGlobalSection
	GlobalSection(SolutionProperties) = preSolution
		HideSolutionNode = FALSE
	EndGlobalSection
	GlobalSection(ExtensibilityGlobals) = postSolution
		SolutionGuid = {84E8A1A7-E827-4DC7-B08D-D3288985F77C}
	EndGlobalSection
EndGlobal
